Microsoft Visual Studio Solution File, Format Version 12.00
# Visual Studio Version 17
VisualStudioVersion = 17.5.2.0
MinimumVisualStudioVersion = 10.0.40219.1
Project("{FAE04EC0-301F-11D3-BF4B-00C04F79EFBC}") = "BesTAsControllerQuiz", "BesTAsControllerQuiz.csproj", "{9BF21F20-726D-6DC2-DBA4-312FD5554A68}"
EndProject
Global
	GlobalSection(SolutionConfigurationPlatforms) = preSolution
		Debug|Any CPU = Debug|Any CPU
		Release|Any CPU = Release|Any CPU
	EndGlobalSection
	GlobalSection(ProjectConfigurationPlatforms) = postSolution
		{9BF21F20-726D-6DC2-DBA4-312FD5554A68}.Debug|Any CPU.ActiveCfg = Debug|Any CPU
		{9BF21F20-726D-6DC2-DBA4-312FD5554A68}.Debug|Any CPU.Build.0 = Debug|Any CPU
		{9BF21F20-726D-6DC2-DBA4-312FD5554A68}.Release|Any CPU.ActiveCfg = Release|Any CPU
		{9BF21F20-726D-6DC2-DBA4-312FD5554A68}.Release|Any CPU.Build.0 = Release|Any CPU
	EndGlobalSection
	GlobalSection(SolutionProperties) = preSolution
		HideSolutionNode = FALSE
	EndGlobalSection
	GlobalSection(ExtensibilityGlobals) = postSolution
		SolutionGuid = {DCC4405E-6318-4E30-ABDF-73D844E3116A}
	EndGlobalSection
EndGlobal
